
Microsoft Visual Studio Solution File, Format Version 12.00
# Visual Studio Version 16
VisualStudioVersion = 25.0.1703.6
MinimumVisualStudioVersion = 10.0.40219.1
Project("{FAE04EC0-301F-11D3-BF4B-00C04F79EFBC}") = "OrdreKunde", "OrdreKunde\OrdreKunde.csproj", "{6F2AE663-5ED9-4D02-B456-FEE25728D46D}"
EndProject
Global
	GlobalSection(SolutionConfigurationPlatforms) = preSolution
		Debug|Any CPU = Debug|Any CPU
		Release|Any CPU = Release|Any CPU
	EndGlobalSection
	GlobalSection(ProjectConfigurationPlatforms) = postSolution
		{6F2AE663-5ED9-4D02-B456-FEE25728D46D}.Debug|Any CPU.ActiveCfg = Debug|Any CPU
		{6F2AE663-5ED9-4D02-B456-FEE25728D46D}.Debug|Any CPU.Build.0 = Debug|Any CPU
		{6F2AE663-5ED9-4D02-B456-FEE25728D46D}.Release|Any CPU.ActiveCfg = Release|Any CPU
		{6F2AE663-5ED9-4D02-B456-FEE25728D46D}.Release|Any CPU.Build.0 = Release|Any CPU
	EndGlobalSection
	GlobalSection(SolutionProperties) = preSolution
		HideSolutionNode = FALSE
	EndGlobalSection
	GlobalSection(ExtensibilityGlobals) = postSolution
		SolutionGuid = {0F180EFC-EE16-4C85-B95B-E269375AC37F}
	EndGlobalSection
EndGlobal
